
Microsoft Visual Studio Solution File, Format Version 12.00
# Visual Studio 15
VisualStudioVersion = 15.0.28307.136
MinimumVisualStudioVersion = 10.0.40219.1
Project("{9A19103F-16F7-4668-BE54-9A1E7A4F7556}") = "ZQY_AuthorityManagement", "ZQY_AuthorityManagement\ZQY_AuthorityManagement.csproj", "{F47D34D1-3D7A-4C4C-9787-59311E1895F6}"
EndProject
Project("{2150E333-8FDC-42A3-9474-1A3956D46DE8}") = "Api", "Api", "{B1EA4679-19E4-4C36-93EF-E4856888F553}"
EndProject
Project("{2150E333-8FDC-42A3-9474-1A3956D46DE8}") = "Web", "Web", "{89D28876-6041-4F3D-8493-C125C1FDC520}"
EndProject
Project("{FAE04EC0-301F-11D3-BF4B-00C04F79EFBC}") = "ZQY_AuthorityManagementWeb", "ZQY_AuthorityManagementWeb\ZQY_AuthorityManagementWeb.csproj", "{D7E001A9-3880-407A-A361-5931E2C897DE}"
EndProject
Global
	GlobalSection(SolutionConfigurationPlatforms) = preSolution
		Debug|Any CPU = Debug|Any CPU
		Release|Any CPU = Release|Any CPU
	EndGlobalSection
	GlobalSection(ProjectConfigurationPlatforms) = postSolution
		{F47D34D1-3D7A-4C4C-9787-59311E1895F6}.Debug|Any CPU.ActiveCfg = Debug|Any CPU
		{F47D34D1-3D7A-4C4C-9787-59311E1895F6}.Debug|Any CPU.Build.0 = Debug|Any CPU
		{F47D34D1-3D7A-4C4C-9787-59311E1895F6}.Release|Any CPU.ActiveCfg = Release|Any CPU
		{F47D34D1-3D7A-4C4C-9787-59311E1895F6}.Release|Any CPU.Build.0 = Release|Any CPU
		{D7E001A9-3880-407A-A361-5931E2C897DE}.Debug|Any CPU.ActiveCfg = Debug|Any CPU
		{D7E001A9-3880-407A-A361-5931E2C897DE}.Debug|Any CPU.Build.0 = Debug|Any CPU
		{D7E001A9-3880-407A-A361-5931E2C897DE}.Release|Any CPU.ActiveCfg = Release|Any CPU
		{D7E001A9-3880-407A-A361-5931E2C897DE}.Release|Any CPU.Build.0 = Release|Any CPU
	EndGlobalSection
	GlobalSection(SolutionProperties) = preSolution
		HideSolutionNode = FALSE
	EndGlobalSection
	GlobalSection(NestedProjects) = preSolution
		{F47D34D1-3D7A-4C4C-9787-59311E1895F6} = {B1EA4679-19E4-4C36-93EF-E4856888F553}
		{D7E001A9-3880-407A-A361-5931E2C897DE} = {89D28876-6041-4F3D-8493-C125C1FDC520}
	EndGlobalSection
	GlobalSection(ExtensibilityGlobals) = postSolution
		SolutionGuid = {7FB510FF-2547-4FA3-BFDE-591EFA351D21}
	EndGlobalSection
EndGlobal
